# This file is autogenerated, do not edit; changes may be undone by the next 'dep ensure'.


[[projects]]
  branch = "master"
  digest = "1:0935bcbb24b53773186fb311bb0a01c2623798717bbb21b449940345c9981daf"
  name = "camlistore.org"
  packages = ["pkg/lru"]
  pruneopts = "UT"
  revision = "a5a65f0d8b2281c4cc8c259ba882dd0ec851427f"

[[projects]]
  digest = "1:d867dfa6751c8d7a435821ad3b736310c2ed68945d05b50fb9d23aee0540c8cc"
  name = "github.com/Sirupsen/logrus"
  packages = ["."]
  pruneopts = "UT"
  revision = "3e01752db0189b9157070a0e1668a620f9a85da2"
  version = "v1.0.6"

[[projects]]
  branch = "develop"
  digest = "1:8743f0a8da6a199039d2f0151991ed5e78682a7088a3c0c677f4bd18c2d24566"
  name = "github.com/codehack/go-relax"
  packages = [
    ".",
    "filter/authbasic",
    "filter/cors",
    "filter/etag",
    "filter/gzip",
    "filter/limits",
    "filter/logs",
    "filter/override",
    "filter/security",
  ]
  pruneopts = "UT"
  revision = "5cced12f1143e66c1054da5f1a780dfb6c6edc4d"

[[projects]]
  branch = "master"
  digest = "1:9b4284f83c690169f8f736ce72ae7543bb26b5acdda0b62a6ed6dae685a59bc0"
  name = "github.com/codehack/go-strarr"
  packages = ["."]
  pruneopts = "UT"
  revision = "27d7d93fd7e29883471d35142e40e70f99f0cf29"

[[projects]]
  digest = "1:0594af97b2f4cec6554086eeace6597e20a4b69466eb4ada25adf9f4300dddd2"
  name = "github.com/garyburd/redigo"
  packages = [
    "internal",
    "redis",
  ]
  pruneopts = "UT"
  revision = "a69d19351219b6dd56f274f96d85a7014a2ec34e"
  version = "v1.6.0"

[[projects]]
  digest = "1:274f67cb6fed9588ea2521ecdac05a6d62a8c51c074c1fccc6a49a40ba80e925"
  name = "github.com/satori/go.uuid"
  packages = ["."]
  pruneopts = "UT"
  revision = "f58768cc1a7a7e77a3bd49e98cdd21419399b6a3"
  version = "v1.2.0"

[[projects]]
  branch = "master"
  digest = "1:3f3a05ae0b95893d90b9b3b5afdb79a9b3d96e4e36e099d841ae602e4aca0da8"
  name = "golang.org/x/crypto"
  packages = ["ssh/terminal"]
  pruneopts = "UT"
  revision = "56440b844dfe139a8ac053f4ecac0b20b79058f4"

[[projects]]
  branch = "master"
  digest = "1:bdd70b95d2f0faaad6d9e259aad84738c6bdeb8f45245be6487e88df45f5a0f1"
  name = "golang.org/x/sys"
  packages = [
    "unix",
    "windows",
  ]
  pruneopts = "UT"
  revision = "0ffbfd41fbef8ffcf9b62b0b0aa3a5873ed7a4fe"

[solve-meta]
  analyzer-name = "dep"
  analyzer-version = 1
  input-imports = [
    "camlistore.org/pkg/lru",
    "github.com/Sirupsen/logrus",
    "github.com/codehack/go-relax",
    "github.com/codehack/go-relax/filter/authbasic",
    "github.com/codehack/go-relax/filter/cors",
    "github.com/codehack/go-relax/filter/etag",
    "github.com/codehack/go-relax/filter/gzip",
    "github.com/codehack/go-relax/filter/limits",
    "github.com/codehack/go-relax/filter/logs",
    "github.com/codehack/go-relax/filter/override",
    "github.com/codehack/go-relax/filter/security",
    "github.com/codehack/go-strarr",
    "github.com/garyburd/redigo/redis",
    "github.com/satori/go.uuid",
  ]
  solver-name = "gps-cdcl"
  solver-version = 1
